// !$*UTF8*$!
{
	archiveVersion = 1;
	classes = {
	};
	objectVersion = 56;
	objects = {

/* Begin PBXBuildFile section */
		A0D901AD2CFF84980001A163 /* MusicSearcherApp.swift in Sources */ = {isa = PBXBuildFile; fileRef = A0D901AC2CFF84980001A163 /* MusicSearcherApp.swift */; };
		A0D901AF2CFF84980001A163 /* ContentView.swift in Sources */ = {isa = PBXBuildFile; fileRef = A0D901AE2CFF84980001A163 /* ContentView.swift */; };
		A0D901B12CFF84990001A163 /* Assets.xcassets in Resources */ = {isa = PBXBuildFile; fileRef = A0D901B02CFF84990001A163 /* Assets.xcassets */; };
		A0D901B42CFF84990001A163 /* Preview Assets.xcassets in Resources */ = {isa = PBXBuildFile; fileRef = A0D901B32CFF84990001A163 /* Preview Assets.xcassets */; };
		A0D901BC2CFF84AC0001A163 /* Keys.swift in Sources */ = {isa = PBXBuildFile; fileRef = A0D901BB2CFF84AC0001A163 /* Keys.swift */; };
		A0D901C32CFF952F0001A163 /* SearchArtistView.swift in Sources */ = {isa = PBXBuildFile; fileRef = A0D901C22CFF952F0001A163 /* SearchArtistView.swift */; };
		A0D901C62CFF9B950001A163 /* TabType.swift in Sources */ = {isa = PBXBuildFile; fileRef = A0D901C52CFF9B950001A163 /* TabType.swift */; };
		A0D901CA2CFF9E120001A163 /* SearchAlbumView.swift in Sources */ = {isa = PBXBuildFile; fileRef = A0D901C92CFF9E120001A163 /* SearchAlbumView.swift */; };
		A0D901CD2CFF9E5B0001A163 /* HomeView.swift in Sources */ = {isa = PBXBuildFile; fileRef = A0D901CC2CFF9E5B0001A163 /* HomeView.swift */; };
		A0D901D12CFFA85C0001A163 /* ArtistView.swift in Sources */ = {isa = PBXBuildFile; fileRef = A0D901D02CFFA85C0001A163 /* ArtistView.swift */; };
		A0D901D72D00E3AC0001A163 /* APIHelper.swift in Sources */ = {isa = PBXBuildFile; fileRef = A0D901D62D00E3AC0001A163 /* APIHelper.swift */; };
		A0D901D92D00E5510001A163 /* Data.swift in Sources */ = {isa = PBXBuildFile; fileRef = A0D901D82D00E5510001A163 /* Data.swift */; };
/* End PBXBuildFile section */

/* Begin PBXFileReference section */
		A0D901A92CFF84980001A163 /* MusicSearcher.app */ = {isa = PBXFileReference; explicitFileType = wrapper.application; includeInIndex = 0; path = MusicSearcher.app; sourceTree = BUILT_PRODUCTS_DIR; };
		A0D901AC2CFF84980001A163 /* MusicSearcherApp.swift */ = {isa = PBXFileReference; lastKnownFileType = sourcecode.swift; path = MusicSearcherApp.swift; sourceTree = "<group>"; };
		A0D901AE2CFF84980001A163 /* ContentView.swift */ = {isa = PBXFileReference; lastKnownFileType = sourcecode.swift; path = ContentView.swift; sourceTree = "<group>"; };
		A0D901B02CFF84990001A163 /* Assets.xcassets */ = {isa = PBXFileReference; lastKnownFileType = folder.assetcatalog; path = Assets.xcassets; sourceTree = "<group>"; };
		A0D901B32CFF84990001A163 /* Preview Assets.xcassets */ = {isa = PBXFileReference; lastKnownFileType = folder.assetcatalog; path = "Preview Assets.xcassets"; sourceTree = "<group>"; };
		A0D901BB2CFF84AC0001A163 /* Keys.swift */ = {isa = PBXFileReference; lastKnownFileType = sourcecode.swift; path = Keys.swift; sourceTree = "<group>"; };
		A0D901C22CFF952F0001A163 /* SearchArtistView.swift */ = {isa = PBXFileReference; lastKnownFileType = sourcecode.swift; path = SearchArtistView.swift; sourceTree = "<group>"; };
		A0D901C52CFF9B950001A163 /* TabType.swift */ = {isa = PBXFileReference; lastKnownFileType = sourcecode.swift; path = TabType.swift; sourceTree = "<group>"; };
		A0D901C92CFF9E120001A163 /* SearchAlbumView.swift */ = {isa = PBXFileReference; lastKnownFileType = sourcecode.swift; path = SearchAlbumView.swift; sourceTree = "<group>"; };
		A0D901CC2CFF9E5B0001A163 /* HomeView.swift */ = {isa = PBXFileReference; lastKnownFileType = sourcecode.swift; path = HomeView.swift; sourceTree = "<group>"; };
		A0D901D02CFFA85C0001A163 /* ArtistView.swift */ = {isa = PBXFileReference; lastKnownFileType = sourcecode.swift; path = ArtistView.swift; sourceTree = "<group>"; };
		A0D901D62D00E3AC0001A163 /* APIHelper.swift */ = {isa = PBXFileReference; lastKnownFileType = sourcecode.swift; path = APIHelper.swift; sourceTree = "<group>"; };
		A0D901D82D00E5510001A163 /* Data.swift */ = {isa = PBXFileReference; lastKnownFileType = sourcecode.swift; path = Data.swift; sourceTree = "<group>"; };
		A0D901DC2D024EAA0001A163 /* Info.plist */ = {isa = PBXFileReference; lastKnownFileType = text.plist; path = Info.plist; sourceTree = "<group>"; };
/* End PBXFileReference section */

/* Begin PBXFrameworksBuildPhase section */
		A0D901A62CFF84980001A163 /* Frameworks */ = {
			isa = PBXFrameworksBuildPhase;
			buildActionMask = 2147483647;
			files = (
			);
			runOnlyForDeploymentPostprocessing = 0;
		};
/* End PBXFrameworksBuildPhase section */

/* Begin PBXGroup section */
		A0D901A02CFF84980001A163 = {
			isa = PBXGroup;
			children = (
				A0D901BA2CFF84A10001A163 /* Local */,
				A0D901AB2CFF84980001A163 /* MusicSearcher */,
				A0D901AA2CFF84980001A163 /* Products */,
			);
			sourceTree = "<group>";
		};
		A0D901AA2CFF84980001A163 /* Products */ = {
			isa = PBXGroup;
			children = (
				A0D901A92CFF84980001A163 /* MusicSearcher.app */,
			);
			name = Products;
			sourceTree = "<group>";
		};
		A0D901AB2CFF84980001A163 /* MusicSearcher */ = {
			isa = PBXGroup;
			children = (
				A0D901DC2D024EAA0001A163 /* Info.plist */,
				A0D901AC2CFF84980001A163 /* MusicSearcherApp.swift */,
				A0D901AE2CFF84980001A163 /* ContentView.swift */,
				A0D901C52CFF9B950001A163 /* TabType.swift */,
				A0D901D62D00E3AC0001A163 /* APIHelper.swift */,
				A0D901D82D00E5510001A163 /* Data.swift */,
				A0D901CB2CFF9E4A0001A163 /* Home */,
				A0D901C72CFF9DF70001A163 /* SearchArtist */,
				A0D901C82CFF9E020001A163 /* SearchAlbum */,
				A0D901B02CFF84990001A163 /* Assets.xcassets */,
				A0D901B22CFF84990001A163 /* Preview Content */,
			);
			path = MusicSearcher;
			sourceTree = "<group>";
		};
		A0D901B22CFF84990001A163 /* Preview Content */ = {
			isa = PBXGroup;
			children = (
				A0D901B32CFF84990001A163 /* Preview Assets.xcassets */,
			);
			path = "Preview Content";
			sourceTree = "<group>";
		};
		A0D901BA2CFF84A10001A163 /* Local */ = {
			isa = PBXGroup;
			children = (
				A0D901BB2CFF84AC0001A163 /* Keys.swift */,
			);
			path = Local;
			sourceTree = "<group>";
		};
		A0D901C72CFF9DF70001A163 /* SearchArtist */ = {
			isa = PBXGroup;
			children = (
				A0D901C22CFF952F0001A163 /* SearchArtistView.swift */,
				A0D901D02CFFA85C0001A163 /* ArtistView.swift */,
			);
			path = SearchArtist;
			sourceTree = "<group>";
		};
		A0D901C82CFF9E020001A163 /* SearchAlbum */ = {
			isa = PBXGroup;
			children = (
				A0D901C92CFF9E120001A163 /* SearchAlbumView.swift */,
			);
			path = SearchAlbum;
			sourceTree = "<group>";
		};
		A0D901CB2CFF9E4A0001A163 /* Home */ = {
			isa = PBXGroup;
			children = (
				A0D901CC2CFF9E5B0001A163 /* HomeView.swift */,
			);
			path = Home;
			sourceTree = "<group>";
		};
/* End PBXGroup section */

/* Begin PBXNativeTarget section */
		A0D901A82CFF84980001A163 /* MusicSearcher */ = {
			isa = PBXNativeTarget;
			buildConfigurationList = A0D901B72CFF84990001A163 /* Build configuration list for PBXNativeTarget "MusicSearcher" */;
			buildPhases = (
				A0D901A52CFF84980001A163 /* Sources */,
				A0D901A62CFF84980001A163 /* Frameworks */,
				A0D901A72CFF84980001A163 /* Resources */,
			);
			buildRules = (
			);
			dependencies = (
			);
			name = MusicSearcher;
			productName = MusicSearcher;
			productReference = A0D901A92CFF84980001A163 /* MusicSearcher.app */;
			productType = "com.apple.product-type.application";
		};
/* End PBXNativeTarget section */

/* Begin PBXProject section */
		A0D901A12CFF84980001A163 /* Project object */ = {
			isa = PBXProject;
			attributes = {
				BuildIndependentTargetsInParallel = 1;
				LastSwiftUpdateCheck = 1540;
				LastUpgradeCheck = 1540;
				TargetAttributes = {
					A0D901A82CFF84980001A163 = {
						CreatedOnToolsVersion = 15.4;
					};
				};
			};
			buildConfigurationList = A0D901A42CFF84980001A163 /* Build configuration list for PBXProject "MusicSearcher" */;
			compatibilityVersion = "Xcode 14.0";
			developmentRegion = en;
			hasScannedForEncodings = 0;
			knownRegions = (
				en,
				Base,
			);
			mainGroup = A0D901A02CFF84980001A163;
			productRefGroup = A0D901AA2CFF84980001A163 /* Products */;
			projectDirPath = "";
			projectRoot = "";
			targets = (
				A0D901A82CFF84980001A163 /* MusicSearcher */,
			);
		};
/* End PBXProject section */

/* Begin PBXResourcesBuildPhase section */
		A0D901A72CFF84980001A163 /* Resources */ = {
			isa = PBXResourcesBuildPhase;
			buildActionMask = 2147483647;
			files = (
				A0D901B42CFF84990001A163 /* Preview Assets.xcassets in Resources */,
				A0D901B12CFF84990001A163 /* Assets.xcassets in Resources */,
			);
			runOnlyForDeploymentPostprocessing = 0;
		};
/* End PBXResourcesBuildPhase section */

/* Begin PBXSourcesBuildPhase section */
		A0D901A52CFF84980001A163 /* Sources */ = {
			isa = PBXSourcesBuildPhase;
			buildActionMask = 2147483647;
			files = (
				A0D901D72D00E3AC0001A163 /* APIHelper.swift in Sources */,
				A0D901CD2CFF9E5B0001A163 /* HomeView.swift in Sources */,
				A0D901AF2CFF84980001A163 /* ContentView.swift in Sources */,
				A0D901C32CFF952F0001A163 /* SearchArtistView.swift in Sources */,
				A0D901CA2CFF9E120001A163 /* SearchAlbumView.swift in Sources */,
				A0D901BC2CFF84AC0001A163 /* Keys.swift in Sources */,
				A0D901AD2CFF84980001A163 /* MusicSearcherApp.swift in Sources */,
				A0D901D92D00E5510001A163 /* Data.swift in Sources */,
				A0D901D12CFFA85C0001A163 /* ArtistView.swift in Sources */,
				A0D901C62CFF9B950001A163 /* TabType.swift in Sources */,
			);
			runOnlyForDeploymentPostprocessing = 0;
		};
/* End PBXSourcesBuildPhase section */

/* Begin XCBuildConfiguration section */
		A0D901B52CFF84990001A163 /* Debug */ = {
			isa = XCBuildConfiguration;
			buildSettings = {
				ALWAYS_SEARCH_USER_PATHS = NO;
				ASSETCATALOG_COMPILER_GENERATE_SWIFT_ASSET_SYMBOL_EXTENSIONS = YES;
				CLANG_ANALYZER_NONNULL = YES;
				CLANG_ANALYZER_NUMBER_OBJECT_CONVERSION = YES_AGGRESSIVE;
				CLANG_CXX_LANGUAGE_STANDARD = "gnu++20";
				CLANG_ENABLE_MODULES = YES;
				CLANG_ENABLE_OBJC_ARC = YES;
				CLANG_ENABLE_OBJC_WEAK = YES;
				CLANG_WARN_BLOCK_CAPTURE_AUTORELEASING = YES;
				CLANG_WARN_BOOL_CONVERSION = YES;
				CLANG_WARN_COMMA = YES;
				CLANG_WARN_CONSTANT_CONVERSION = YES;
				CLANG_WARN_DEPRECATED_OBJC_IMPLEMENTATIONS = YES;
				CLANG_WARN_DIRECT_OBJC_ISA_USAGE = YES_ERROR;
				CLANG_WARN_DOCUMENTATION_COMMENTS = YES;
				CLANG_WARN_EMPTY_BODY = YES;
				CLANG_WARN_ENUM_CONVERSION = YES;
				CLANG_WARN_INFINITE_RECURSION = YES;
				CLANG_WARN_INT_CONVERSION = YES;
				CLANG_WARN_NON_LITERAL_NULL_CONVERSION = YES;
				CLANG_WARN_OBJC_IMPLICIT_RETAIN_SELF = YES;
				CLANG_WARN_OBJC_LITERAL_CONVERSION = YES;
				CLANG_WARN_OBJC_ROOT_CLASS = YES_ERROR;
				CLANG_WARN_QUOTED_INCLUDE_IN_FRAMEWORK_HEADER = YES;
				CLANG_WARN_RANGE_LOOP_ANALYSIS = YES;
				CLANG_WARN_STRICT_PROTOTYPES = YES;
				CLANG_WARN_SUSPICIOUS_MOVE = YES;
				CLANG_WARN_UNGUARDED_AVAILABILITY = YES_AGGRESSIVE;
				CLANG_WARN_UNREACHABLE_CODE = YES;
				CLANG_WARN__DUPLICATE_METHOD_MATCH = YES;
				COPY_PHASE_STRIP = NO;
				DEBUG_INFORMATION_FORMAT = dwarf;
				ENABLE_STRICT_OBJC_MSGSEND = YES;
				ENABLE_TESTABILITY = YES;
				ENABLE_USER_SCRIPT_SANDBOXING = YES;
				GCC_C_LANGUAGE_STANDARD = gnu17;
				GCC_DYNAMIC_NO_PIC = NO;
				GCC_NO_COMMON_BLOCKS = YES;
				GCC_OPTIMIZATION_LEVEL = 0;
				GCC_PREPROCESSOR_DEFINITIONS = (
					"DEBUG=1",
					"$(inherited)",
				);
				GCC_WARN_64_TO_32_BIT_CONVERSION = YES;
				GCC_WARN_ABOUT_RETURN_TYPE = YES_ERROR;
				GCC_WARN_UNDECLARED_SELECTOR = YES;
				GCC_WARN_UNINITIALIZED_AUTOS = YES_AGGRESSIVE;
				GCC_WARN_UNUSED_FUNCTION = YES;
				GCC_WARN_UNUSED_VARIABLE = YES;
				IPHONEOS_DEPLOYMENT_TARGET = 17.5;
				LOCALIZATION_PREFERS_STRING_CATALOGS = YES;
				MTL_ENABLE_DEBUG_INFO = INCLUDE_SOURCE;
				MTL_FAST_MATH = YES;
				ONLY_ACTIVE_ARCH = YES;
				SDKROOT = iphoneos;
				SWIFT_ACTIVE_COMPILATION_CONDITIONS = "DEBUG $(inherited)";
				SWIFT_OPTIMIZATION_LEVEL = "-Onone";
			};
			name = Debug;
		};
		A0D901B62CFF84990001A163 /* Release */ = {
			isa = XCBuildConfiguration;
			buildSettings = {
				ALWAYS_SEARCH_USER_PATHS = NO;
				ASSETCATALOG_COMPILER_GENERATE_SWIFT_ASSET_SYMBOL_EXTENSIONS = YES;
				CLANG_ANALYZER_NONNULL = YES;
				CLANG_ANALYZER_NUMBER_OBJECT_CONVERSION = YES_AGGRESSIVE;
				CLANG_CXX_LANGUAGE_STANDARD = "gnu++20";
				CLANG_ENABLE_MODULES = YES;
				CLANG_ENABLE_OBJC_ARC = YES;
				CLANG_ENABLE_OBJC_WEAK = YES;
				CLANG_WARN_BLOCK_CAPTURE_AUTORELEASING = YES;
				CLANG_WARN_BOOL_CONVERSION = YES;
				CLANG_WARN_COMMA = YES;
				CLANG_WARN_CONSTANT_CONVERSION = YES;
				CLANG_WARN_DEPRECATED_OBJC_IMPLEMENTATIONS = YES;
				CLANG_WARN_DIRECT_OBJC_ISA_USAGE = YES_ERROR;
				CLANG_WARN_DOCUMENTATION_COMMENTS = YES;
				CLANG_WARN_EMPTY_BODY = YES;
				CLANG_WARN_ENUM_CONVERSION = YES;
				CLANG_WARN_INFINITE_RECURSION = YES;
				CLANG_WARN_INT_CONVERSION = YES;
				CLANG_WARN_NON_LITERAL_NULL_CONVERSION = YES;
				CLANG_WARN_OBJC_IMPLICIT_RETAIN_SELF = YES;
				CLANG_WARN_OBJC_LITERAL_CONVERSION = YES;
				CLANG_WARN_OBJC_ROOT_CLASS = YES_ERROR;
				CLANG_WARN_QUOTED_INCLUDE_IN_FRAMEWORK_HEADER = YES;
				CLANG_WARN_RANGE_LOOP_ANALYSIS = YES;
				CLANG_WARN_STRICT_PROTOTYPES = YES;
				CLANG_WARN_SUSPICIOUS_MOVE = YES;
				CLANG_WARN_UNGUARDED_AVAILABILITY = YES_AGGRESSIVE;
				CLANG_WARN_UNREACHABLE_CODE = YES;
				CLANG_WARN__DUPLICATE_METHOD_MATCH = YES;
				COPY_PHASE_STRIP = NO;
				DEBUG_INFORMATION_FORMAT = "dwarf-with-dsym";
				ENABLE_NS_ASSERTIONS = NO;
				ENABLE_STRICT_OBJC_MSGSEND = YES;
				ENABLE_USER_SCRIPT_SANDBOXING = YES;
				GCC_C_LANGUAGE_STANDARD = gnu17;
				GCC_NO_COMMON_BLOCKS = YES;
				GCC_WARN_64_TO_32_BIT_CONVERSION = YES;
				GCC_WARN_ABOUT_RETURN_TYPE = YES_ERROR;
				GCC_WARN_UNDECLARED_SELECTOR = YES;
				GCC_WARN_UNINITIALIZED_AUTOS = YES_AGGRESSIVE;
				GCC_WARN_UNUSED_FUNCTION = YES;
				GCC_WARN_UNUSED_VARIABLE = YES;
				IPHONEOS_DEPLOYMENT_TARGET = 17.5;
				LOCALIZATION_PREFERS_STRING_CATALOGS = YES;
				MTL_ENABLE_DEBUG_INFO = NO;
				MTL_FAST_MATH = YES;
				SDKROOT = iphoneos;
				SWIFT_COMPILATION_MODE = wholemodule;
				VALIDATE_PRODUCT = YES;
			};
			name = Release;
		};
		A0D901B82CFF84990001A163 /* Debug */ = {
			isa = XCBuildConfiguration;
			buildSettings = {
				ASSETCATALOG_COMPILER_APPICON_NAME = AppIcon;
				ASSETCATALOG_COMPILER_GLOBAL_ACCENT_COLOR_NAME = AccentColor;
				CODE_SIGN_STYLE = Automatic;
				CURRENT_PROJECT_VERSION = 1;
				DEVELOPMENT_ASSET_PATHS = "\"MusicSearcher/Preview Content\"";
				ENABLE_PREVIEWS = YES;
				GENERATE_INFOPLIST_FILE = YES;
				INFOPLIST_FILE = MusicSearcher/Info.plist;
				INFOPLIST_KEY_UIApplicationSceneManifest_Generation = YES;
				INFOPLIST_KEY_UIApplicationSupportsIndirectInputEvents = YES;
				INFOPLIST_KEY_UISupportedInterfaceOrientations_iPad = "UIInterfaceOrientationPortrait UIInterfaceOrientationPortraitUpsideDown UIInterfaceOrientationLandscapeLeft UIInterfaceOrientationLandscapeRight";
				INFOPLIST_KEY_UISupportedInterfaceOrientations_iPhone = "UIInterfaceOrientationPortrait UIInterfaceOrientationLandscapeLeft UIInterfaceOrientationLandscapeRight";
				LD_RUNPATH_SEARCH_PATHS = (
					"$(inherited)",
					"@executable_path/Frameworks",
				);
				MARKETING_VERSION = 1.0;
				PRODUCT_BUNDLE_IDENTIFIER = com.kseo4.MusicSearcher;
				PRODUCT_NAME = "$(TARGET_NAME)";
				SWIFT_EMIT_LOC_STRINGS = YES;
				SWIFT_VERSION = 5.0;
				TARGETED_DEVICE_FAMILY = "1,2";
			};
			name = Debug;
		};
		A0D901B92CFF84990001A163 /* Release */ = {
			isa = XCBuildConfiguration;
			buildSettings = {
				ASSETCATALOG_COMPILER_APPICON_NAME = AppIcon;
				ASSETCATALOG_COMPILER_GLOBAL_ACCENT_COLOR_NAME = AccentColor;
				CODE_SIGN_STYLE = Automatic;
				CURRENT_PROJECT_VERSION = 1;
				DEVELOPMENT_ASSET_PATHS = "\"MusicSearcher/Preview Content\"";
				ENABLE_PREVIEWS = YES;
				GENERATE_INFOPLIST_FILE = YES;
				INFOPLIST_FILE = MusicSearcher/Info.plist;
				INFOPLIST_KEY_UIApplicationSceneManifest_Generation = YES;
				INFOPLIST_KEY_UIApplicationSupportsIndirectInputEvents = YES;
				INFOPLIST_KEY_UISupportedInterfaceOrientations_iPad = "UIInterfaceOrientationPortrait UIInterfaceOrientationPortraitUpsideDown UIInterfaceOrientationLandscapeLeft UIInterfaceOrientationLandscapeRight";
				INFOPLIST_KEY_UISupportedInterfaceOrientations_iPhone = "UIInterfaceOrientationPortrait UIInterfaceOrientationLandscapeLeft UIInterfaceOrientationLandscapeRight";
				LD_RUNPATH_SEARCH_PATHS = (
					"$(inherited)",
					"@executable_path/Frameworks",
				);
				MARKETING_VERSION = 1.0;
				PRODUCT_BUNDLE_IDENTIFIER = com.kseo4.MusicSearcher;
				PRODUCT_NAME = "$(TARGET_NAME)";
				SWIFT_EMIT_LOC_STRINGS = YES;
				SWIFT_VERSION = 5.0;
				TARGETED_DEVICE_FAMILY = "1,2";
			};
			name = Release;
		};
/* End XCBuildConfiguration section */

/* Begin XCConfigurationList section */
		A0D901A42CFF84980001A163 /* Build configuration list for PBXProject "MusicSearcher" */ = {
			isa = XCConfigurationList;
			buildConfigurations = (
				A0D901B52CFF84990001A163 /* Debug */,
				A0D901B62CFF84990001A163 /* Release */,
			);
			defaultConfigurationIsVisible = 0;
			defaultConfigurationName = Release;
		};
		A0D901B72CFF84990001A163 /* Build configuration list for PBXNativeTarget "MusicSearcher" */ = {
			isa = XCConfigurationList;
			buildConfigurations = (
				A0D901B82CFF84990001A163 /* Debug */,
				A0D901B92CFF84990001A163 /* Release */,
			);
			defaultConfigurationIsVisible = 0;
			defaultConfigurationName = Release;
		};
/* End XCConfigurationList section */
	};
	rootObject = A0D901A12CFF84980001A163 /* Project object */;
}
